y‚÷IE.kõ?‰…I~×x7A-]WL' Z©zhÇìÌæÚ©†2;¯þ‡>Ã­G}œ2Î(L¤Q7pd‘ÍV–`å÷êW®…j*½ËçÇm¦¤Ši7!B%<Û£YÙ—è41|fbKÕa®1÷XÕ¢wÅe¼.Ë gDC­v¦ë\&U›Ò
Ž<ÙÁŠœ±ˆ›ÄWHß•>–¢™jÏ;t”D.úÿ‡%¬¨î‹!Ž´¬4«ynÌ:¶2I³ÆrjX9‹!¬”› FöKVÓô¬—÷Z|Tp+=Q‹Ô"å÷Ën2ed T$Û6RÁÍrTmÐùÙ‡ì.Ýù /øøŽÔlX7ý¿Y$P.uÍ‰}J˜9F±- =n¤'
e÷üÓ§¯|×c>°;³¯)5JwÖý—·oAû÷ö~”–`^ÈQ°,†uÊCèd¾I1Ël+Ò¨'ˆ'âM©f%Í•’­CµSw/ÜõìÀƒðáŸ°³Ýq ¨!í¬[É14Ám¾ˆjrÈÄ€g?2*ž[£úa©Ä…ç’!#ÇêúêÒH“u|ãcŽtïâ?ŸNªê.Ä«=á¡«ý[%Uåþp£‹Ókäó?\­&³èÍ q,oqMÚ›/WfâP}G“:ö˜›UxGð‰xÈÙÎî²½^Ià|“z0ƒwšóS©,Þ‚ÁOx›¸dçôyûœ½ða'ˆŠŽÉ-¦¢F”<•p¸ß"ì6û>¤-Sh‹OãÙÀj«üzb¡›Š	2ïõ”‰‘ZÓäÇ õ&øuFòš–ÖÞ•ù†Œ»F$íUqGÔfxDèw¥¤ÈÃè®‹<ÕÏÿÓWFP¯m÷C?ÿm`é‰P0[rïe3œK#-7¶Iµ«&FîÿL˜Y_òÒö†j1Ý	õ™=—°Aþ¤þ0ˆ?Xtûœ»í¼ìB:_¶¦žâg½®ÎA’q‡Ã‰üZP÷Ñ8AºÚ R¹ÿ‰Ù™¬Ì¯Q€¢|Š²teÜñµ³Itƒcté-iV ìkD/¢®g5\&B×¹ÈZ1°GC¬Œ«(¸,Ÿ—ó­ß³È:eéÖ^¿Tãö¾Gãœ€ ÁØs¨~ËÈ^·½E¥}Ó¸ì‚F¥Kï’
e”5P;—ôÕÄiÐ9ÕŸ@„>dÕ?w$„ùÂÕèôv§®‘ã€ðî+ñïØ
}«äŽ[ÿ§dLæµõÅ~òi,HÖOß,Ôþ4¬î(¡ñA½Gä’µöY¡ÜFG½íÛ)™¦%Ñ[÷øÎm-a7n'^ÂÛ€üq«Žéˆ-¡Š‡•SsÛãëð